Microsoft Visual Studio Solution File, Format Version 12.00
# Visual Studio Version 17
VisualStudioVersion = 17.5.2.0
MinimumVisualStudioVersion = 10.0.40219.1
Project("{FAE04EC0-301F-11D3-BF4B-00C04F79EFBC}") = "PocMarketInterface", "PocMarketInterface.csproj", "{C892B7E6-BA31-5B36-D119-841B983F221F}"
EndProject
Global
	GlobalSection(SolutionConfigurationPlatforms) = preSolution
		Debug|Any CPU = Debug|Any CPU
		Release|Any CPU = Release|Any CPU
	EndGlobalSection
	GlobalSection(ProjectConfigurationPlatforms) = postSolution
		{C892B7E6-BA31-5B36-D119-841B983F221F}.Debug|Any CPU.ActiveCfg = Debug|Any CPU
		{C892B7E6-BA31-5B36-D119-841B983F221F}.Debug|Any CPU.Build.0 = Debug|Any CPU
		{C892B7E6-BA31-5B36-D119-841B983F221F}.Release|Any CPU.ActiveCfg = Release|Any CPU
		{C892B7E6-BA31-5B36-D119-841B983F221F}.Release|Any CPU.Build.0 = Release|Any CPU
	EndGlobalSection
	GlobalSection(SolutionProperties) = preSolution
		HideSolutionNode = FALSE
	EndGlobalSection
	GlobalSection(ExtensibilityGlobals) = postSolution
		SolutionGuid = {F6514D68-21A8-4A9F-AC88-58014174667A}
	EndGlobalSection
EndGlobal
